
Microsoft Visual Studio Solution File, Format Version 12.00
# Visual Studio Version 17
VisualStudioVersion = 17.10.35027.167
MinimumVisualStudioVersion = 10.0.40219.1
Project("{FAE04EC0-301F-11D3-BF4B-00C04F79EFBC}") = "Ifastic", "Ifastic\Ifastic.csproj", "{420C5BBF-2B03-454A-A92D-5F84537A13A3}"
EndProject
Global
	GlobalSection(SolutionConfigurationPlatforms) = preSolution
		Debug|Any CPU = Debug|Any CPU
		Release|Any CPU = Release|Any CPU
	EndGlobalSection
	GlobalSection(ProjectConfigurationPlatforms) = postSolution
		{420C5BBF-2B03-454A-A92D-5F84537A13A3}.Debug|Any CPU.ActiveCfg = Debug|Any CPU
		{420C5BBF-2B03-454A-A92D-5F84537A13A3}.Debug|Any CPU.Build.0 = Debug|Any CPU
		{420C5BBF-2B03-454A-A92D-5F84537A13A3}.Debug|Any CPU.Deploy.0 = Debug|Any CPU
		{420C5BBF-2B03-454A-A92D-5F84537A13A3}.Release|Any CPU.ActiveCfg = Release|Any CPU
		{420C5BBF-2B03-454A-A92D-5F84537A13A3}.Release|Any CPU.Build.0 = Release|Any CPU
		{420C5BBF-2B03-454A-A92D-5F84537A13A3}.Release|Any CPU.Deploy.0 = Release|Any CPU
	EndGlobalSection
	GlobalSection(SolutionProperties) = preSolution
		HideSolutionNode = FALSE
	EndGlobalSection
	GlobalSection(ExtensibilityGlobals) = postSolution
		SolutionGuid = {D0AD818A-DD76-4B5B-A445-FC5EF9D1CF89}
	EndGlobalSection
EndGlobal
